// !$*UTF8*$!
{
	archiveVersion = 1;
	classes = {
	};
	objectVersion = 50;
	objects = {

/* Begin PBXBuildFile section */
		A8F11019223D8387006F0C4A /* AppDelegate.swift in Sources */ = {isa = PBXBuildFile; fileRef = A8F11018223D8387006F0C4A /* AppDelegate.swift */; };
		A8F1101B223D8387006F0C4A /* ViewController.swift in Sources */ = {isa = PBXBuildFile; fileRef = A8F1101A223D8387006F0C4A /* ViewController.swift */; };
		A8F1101E223D8387006F0C4A /* Main.storyboard in Resources */ = {isa = PBXBuildFile; fileRef = A8F1101C223D8387006F0C4A /* Main.storyboard */; };
		A8F11020223D838A006F0C4A /* Assets.xcassets in Resources */ = {isa = PBXBuildFile; fileRef = A8F1101F223D838A006F0C4A /* Assets.xcassets */; };
		A8F11023223D838A006F0C4A /* LaunchScreen.storyboard in Resources */ = {isa = PBXBuildFile; fileRef = A8F11021223D838A006F0C4A /* LaunchScreen.storyboard */; };
		A8F1102E223D838B006F0C4A /* WeatherTests.swift in Sources */ = {isa = PBXBuildFile; fileRef = A8F1102D223D838B006F0C4A /* WeatherTests.swift */; };
		A8F11039223D838B006F0C4A /* WeatherUITests.swift in Sources */ = {isa = PBXBuildFile; fileRef = A8F11038223D838B006F0C4A /* WeatherUITests.swift */; };
/* End PBXBuildFile section */

/* Begin PBXContainerItemProxy section */
		A8F1102A223D838B006F0C4A /* PBXContainerItemProxy */ = {
			isa = PBXContainerItemProxy;
			containerPortal = A8F1100D223D8387006F0C4A /* Project object */;
			proxyType = 1;
			remoteGlobalIDString = A8F11014223D8387006F0C4A;
			remoteInfo = Weather;
		};
		A8F11035223D838B006F0C4A /* PBXContainerItemProxy */ = {
			isa = PBXContainerItemProxy;
			containerPortal = A8F1100D223D8387006F0C4A /* Project object */;
			proxyType = 1;
			remoteGlobalIDString = A8F11014223D8387006F0C4A;
			remoteInfo = Weather;
		};
/* End PBXContainerItemProxy section */

/* Begin PBXFileReference section */
		A8F11015223D8387006F0C4A /* Weather.app */ = {isa = PBXFileReference; explicitFileType = wrapper.application; includeInIndex = 0; path = Weather.app; sourceTree = BUILT_PRODUCTS_DIR; };
		A8F11018223D8387006F0C4A /* AppDelegate.swift */ = {isa = PBXFileReference; lastKnownFileType = sourcecode.swift; path = AppDelegate.swift; sourceTree = "<group>"; };
		A8F1101A223D8387006F0C4A /* ViewController.swift */ = {isa = PBXFileReference; lastKnownFileType = sourcecode.swift; path = ViewController.swift; sourceTree = "<group>"; };
		A8F1101D223D8387006F0C4A /* Base */ = {isa = PBXFileReference; lastKnownFileType = file.storyboard; name = Base; path = Base.lproj/Main.storyboard; sourceTree = "<group>"; };
		A8F1101F223D838A006F0C4A /* Assets.xcassets */ = {isa = PBXFileReference; lastKnownFileType = folder.assetcatalog; path = Assets.xcassets; sourceTree = "<group>"; };
		A8F11022223D838A006F0C4A /* Base */ = {isa = PBXFileReference; lastKnownFileType = file.storyboard; name = Base; path = Base.lproj/LaunchScreen.storyboard; sourceTree = "<group>"; };
		A8F11024223D838B006F0C4A /* Info.plist */ = {isa = PBXFileReference; lastKnownFileType = text.plist.xml; path = Info.plist; sourceTree = "<group>"; };
		A8F11029223D838B006F0C4A /* WeatherTests.xctest */ = {isa = PBXFileReference; explicitFileType = wrapper.cfbundle; includeInIndex = 0; path = WeatherTests.xctest; sourceTree = BUILT_PRODUCTS_DIR; };
		A8F1102D223D838B006F0C4A /* WeatherTests.swift */ = {isa = PBXFileReference; lastKnownFileType = sourcecode.swift; path = WeatherTests.swift; sourceTree = "<group>"; };
		A8F1102F223D838B006F0C4A /* Info.plist */ = {isa = PBXFileReference; lastKnownFileType = text.plist.xml; path = Info.plist; sourceTree = "<group>"; };
		A8F11034223D838B006F0C4A /* WeatherUITests.xctest */ = {isa = PBXFileReference; explicitFileType = wrapper.cfbundle; includeInIndex = 0; path = WeatherUITests.xctest; sourceTree = BUILT_PRODUCTS_DIR; };
		A8F11038223D838B006F0C4A /* WeatherUITests.swift */ = {isa = PBXFileReference; lastKnownFileType = sourcecode.swift; path = WeatherUITests.swift; sourceTree = "<group>"; };
		A8F1103A223D838B006F0C4A /* Info.plist */ = {isa = PBXFileReference; lastKnownFileType = text.plist.xml; path = Info.plist; sourceTree = "<group>"; };
/* End PBXFileReference section */

/* Begin PBXFrameworksBuildPhase section */
		A8F11012223D8387006F0C4A /* Frameworks */ = {
			isa = PBXFrameworksBuildPhase;
			buildActionMask = 2147483647;
			files = (
			);
			runOnlyForDeploymentPostprocessing = 0;
		};
		A8F11026223D838B006F0C4A /* Frameworks */ = {
			isa = PBXFrameworksBuildPhase;
			buildActionMask = 2147483647;
			files = (
			);
			runOnlyForDeploymentPostprocessing = 0;
		};
		A8F11031223D838B006F0C4A /* Frameworks */ = {
			isa = PBXFrameworksBuildPhase;
			buildActionMask = 2147483647;
			files = (
			);
			runOnlyForDeploymentPostprocessing = 0;
		};
/* End PBXFrameworksBuildPhase section */

/* Begin PBXGroup section */
		A8F1100C223D8387006F0C4A = {
			isa = PBXGroup;
			children = (
				A8F11017223D8387006F0C4A /* Weather */,
				A8F1102C223D838B006F0C4A /* WeatherTests */,
				A8F11037223D838B006F0C4A /* WeatherUITests */,
				A8F11016223D8387006F0C4A /* Products */,
			);
			sourceTree = "<group>";
		};
		A8F11016223D8387006F0C4A /* Products */ = {
			isa = PBXGroup;
			children = (
				A8F11015223D8387006F0C4A /* Weather.app */,
				A8F11029223D838B006F0C4A /* WeatherTests.xctest */,
				A8F11034223D838B006F0C4A /* WeatherUITests.xctest */,
			);
			name = Products;
			sourceTree = "<group>";
		};
		A8F11017223D8387006F0C4A /* Weather */ = {
			isa = PBXGroup;
			children = (
				A8F11018223D8387006F0C4A /* AppDelegate.swift */,
				A8F1101A223D8387006F0C4A /* ViewController.swift */,
				A8F1101C223D8387006F0C4A /* Main.storyboard */,
				A8F1101F223D838A006F0C4A /* Assets.xcassets */,
				A8F11021223D838A006F0C4A /* LaunchScreen.storyboard */,
				A8F11024223D838B006F0C4A /* Info.plist */,
			);
			path = Weather;
			sourceTree = "<group>";
		};
		A8F1102C223D838B006F0C4A /* WeatherTests */ = {
			isa = PBXGroup;
			children = (
				A8F1102D223D838B006F0C4A /* WeatherTests.swift */,
				A8F1102F223D838B006F0C4A /* Info.plist */,
			);
			path = WeatherTests;
			sourceTree = "<group>";
		};
		A8F11037223D838B006F0C4A /* WeatherUITests */ = {
			isa = PBXGroup;
			children = (
				A8F11038223D838B006F0C4A /* WeatherUITests.swift */,
				A8F1103A223D838B006F0C4A /* Info.plist */,
			);
			path = WeatherUITests;
			sourceTree = "<group>";
		};
/* End PBXGroup section */

/* Begin PBXNativeTarget section */
		A8F11014223D8387006F0C4A /* Weather */ = {
			isa = PBXNativeTarget;
			buildConfigurationList = A8F1103D223D838B006F0C4A /* Build configuration list for PBXNativeTarget "Weather" */;
			buildPhases = (
				A8F11011223D8387006F0C4A /* Sources */,
				A8F11012223D8387006F0C4A /* Frameworks */,
				A8F11013223D8387006F0C4A /* Resources */,
			);
			buildRules = (
			);
			dependencies = (
			);
			name = Weather;
			productName = Weather;
			productReference = A8F11015223D8387006F0C4A /* Weather.app */;
			productType = "com.apple.product-type.application";
		};
		A8F11028223D838B006F0C4A /* WeatherTests */ = {
			isa = PBXNativeTarget;
			buildConfigurationList = A8F11040223D838B006F0C4A /* Build configuration list for PBXNativeTarget "WeatherTests" */;
			buildPhases = (
				A8F11025223D838B006F0C4A /* Sources */,
				A8F11026223D838B006F0C4A /* Frameworks */,
				A8F11027223D838B006F0C4A /* Resources */,
			);
			buildRules = (
			);
			dependencies = (
				A8F1102B223D838B006F0C4A /* PBXTargetDependency */,
			);
			name = WeatherTests;
			productName = WeatherTests;
			productReference = A8F11029223D838B006F0C4A /* WeatherTests.xctest */;
			productType = "com.apple.product-type.bundle.unit-test";
		};
		A8F11033223D838B006F0C4A /* WeatherUITests */ = {
			isa = PBXNativeTarget;
			buildConfigurationList = A8F11043223D838B006F0C4A /* Build configuration list for PBXNativeTarget "WeatherUITests" */;
			buildPhases = (
				A8F11030223D838B006F0C4A /* Sources */,
				A8F11031223D838B006F0C4A /* Frameworks */,
				A8F11032223D838B006F0C4A /* Resources */,
			);
			buildRules = (
			);
			dependencies = (
				A8F11036223D838B006F0C4A /* PBXTargetDependency */,
			);
			name = WeatherUITests;
			productName = WeatherUITests;
			productReference = A8F11034223D838B006F0C4A /* WeatherUITests.xctest */;
			productType = "com.apple.product-type.bundle.ui-testing";
		};
/* End PBXNativeTarget section */

/* Begin PBXProject section */
		A8F1100D223D8387006F0C4A /* Project object */ = {
			isa = PBXProject;
			attributes = {
				LastSwiftUpdateCheck = 1010;
				LastUpgradeCheck = 1010;
				ORGANIZATIONNAME = Mirco;
				TargetAttributes = {
					A8F11014223D8387006F0C4A = {
						CreatedOnToolsVersion = 10.1;
					};
					A8F11028223D838B006F0C4A = {
						CreatedOnToolsVersion = 10.1;
						TestTargetID = A8F11014223D8387006F0C4A;
					};
					A8F11033223D838B006F0C4A = {
						CreatedOnToolsVersion = 10.1;
						TestTargetID = A8F11014223D8387006F0C4A;
					};
				};
			};
			buildConfigurationList = A8F11010223D8387006F0C4A /* Build configuration list for PBXProject "Weather" */;
			compatibilityVersion = "Xcode 9.3";
			developmentRegion = en;
			hasScannedForEncodings = 0;
			knownRegions = (
				en,
				Base,
			);
			mainGroup = A8F1100C223D8387006F0C4A;
			productRefGroup = A8F11016223D8387006F0C4A /* Products */;
			projectDirPath = "";
			projectRoot = "";
			targets = (
				A8F11014223D8387006F0C4A /* Weather */,
				A8F11028223D838B006F0C4A /* WeatherTests */,
				A8F11033223D838B006F0C4A /* WeatherUITests */,
			);
		};
/* End PBXProject section */

/* Begin PBXResourcesBuildPhase section */
		A8F11013223D8387006F0C4A /* Resources */ = {
			isa = PBXResourcesBuildPhase;
			buildActionMask = 2147483647;
			files = (
				A8F11023223D838A006F0C4A /* LaunchScreen.storyboard in Resources */,
				A8F11020223D838A006F0C4A /* Assets.xcassets in Resources */,
				A8F1101E223D8387006F0C4A /* Main.storyboard in Resources */,
			);
			runOnlyForDeploymentPostprocessing = 0;
		};
		A8F11027223D838B006F0C4A /* Resources */ = {
			isa = PBXResourcesBuildPhase;
			buildActionMask = 2147483647;
			files = (
			);
			runOnlyForDeploymentPostprocessing = 0;
		};
		A8F11032223D838B006F0C4A /* Resources */ = {
			isa = PBXResourcesBuildPhase;
			buildActionMask = 2147483647;
			files = (
			);
			runOnlyForDeploymentPostprocessing = 0;
		};
/* End PBXResourcesBuildPhase section */

/* Begin PBXSourcesBuildPhase section */
		A8F11011223D8387006F0C4A /* Sources */ = {
			isa = PBXSourcesBuildPhase;
			buildActionMask = 2147483647;
			files = (
				A8F1101B223D8387006F0C4A /* ViewController.swift in Sources */,
				A8F11019223D8387006F0C4A /* AppDelegate.swift in Sources */,
			);
			runOnlyForDeploymentPostprocessing = 0;
		};
		A8F11025223D838B006F0C4A /* Sources */ = {
			isa = PBXSourcesBuildPhase;
			buildActionMask = 2147483647;
			files = (
				A8F1102E223D838B006F0C4A /* WeatherTests.swift in Sources */,
			);
			runOnlyForDeploymentPostprocessing = 0;
		};
		A8F11030223D838B006F0C4A /* Sources */ = {
			isa = PBXSourcesBuildPhase;
			buildActionMask = 2147483647;
			files = (
				A8F11039223D838B006F0C4A /* WeatherUITests.swift in Sources */,
			);
			runOnlyForDeploymentPostprocessing = 0;
		};
/* End PBXSourcesBuildPhase section */

/* Begin PBXTargetDependency section */
		A8F1102B223D838B006F0C4A /* PBXTargetDependency */ = {
			isa = PBXTargetDependency;
			target = A8F11014223D8387006F0C4A /* Weather */;
			targetProxy = A8F1102A223D838B006F0C4A /* PBXContainerItemProxy */;
		};
		A8F11036223D838B006F0C4A /* PBXTargetDependency */ = {
			isa = PBXTargetDependency;
			target = A8F11014223D8387006F0C4A /* Weather */;
			targetProxy = A8F11035223D838B006F0C4A /* PBXContainerItemProxy */;
		};
/* End PBXTargetDependency section */

/* Begin PBXVariantGroup section */
		A8F1101C223D8387006F0C4A /* Main.storyboard */ = {
			isa = PBXVariantGroup;
			children = (
				A8F1101D223D8387006F0C4A /* Base */,
			);
			name = Main.storyboard;
			sourceTree = "<group>";
		};
		A8F11021223D838A006F0C4A /* LaunchScreen.storyboard */ = {
			isa = PBXVariantGroup;
			children = (
				A8F11022223D838A006F0C4A /* Base */,
			);
			name = LaunchScreen.storyboard;
			sourceTree = "<group>";
		};
/* End PBXVariantGroup section */

/* Begin XCBuildConfiguration section */
		A8F1103B223D838B006F0C4A /* Debug */ = {
			isa = XCBuildConfiguration;
			buildSettings = {
				ALWAYS_SEARCH_USER_PATHS = NO;
				CLANG_ANALYZER_NONNULL = YES;
				CLANG_ANALYZER_NUMBER_OBJECT_CONVERSION = YES_AGGRESSIVE;
				CLANG_CXX_LANGUAGE_STANDARD = "gnu++14";
				CLANG_CXX_LIBRARY = "libc++";
				CLANG_ENABLE_MODULES = YES;
				CLANG_ENABLE_OBJC_ARC = YES;
				CLANG_ENABLE_OBJC_WEAK = YES;
				CLANG_WARN_BLOCK_CAPTURE_AUTORELEASING = YES;
				CLANG_WARN_BOOL_CONVERSION = YES;
				CLANG_WARN_COMMA = YES;
				CLANG_WARN_CONSTANT_CONVERSION = YES;
				CLANG_WARN_DEPRECATED_OBJC_IMPLEMENTATIONS = YES;
				CLANG_WARN_DIRECT_OBJC_ISA_USAGE = YES_ERROR;
				CLANG_WARN_DOCUMENTATION_COMMENTS = YES;
				CLANG_WARN_EMPTY_BODY = YES;
				CLANG_WARN_ENUM_CONVERSION = YES;
				CLANG_WARN_INFINITE_RECURSION = YES;
				CLANG_WARN_INT_CONVERSION = YES;
				CLANG_WARN_NON_LITERAL_NULL_CONVERSION = YES;
				CLANG_WARN_OBJC_IMPLICIT_RETAIN_SELF = YES;
				CLANG_WARN_OBJC_LITERAL_CONVERSION = YES;
				CLANG_WARN_OBJC_ROOT_CLASS = YES_ERROR;
				CLANG_WARN_RANGE_LOOP_ANALYSIS = YES;
				CLANG_WARN_STRICT_PROTOTYPES = YES;
				CLANG_WARN_SUSPICIOUS_MOVE = YES;
				CLANG_WARN_UNGUARDED_AVAILABILITY = YES_AGGRESSIVE;
				CLANG_WARN_UNREACHABLE_CODE = YES;
				CLANG_WARN__DUPLICATE_METHOD_MATCH = YES;
				CODE_SIGN_IDENTITY = "iPhone Developer";
				COPY_PHASE_STRIP = NO;
				DEBUG_INFORMATION_FORMAT = dwarf;
				ENABLE_STRICT_OBJC_MSGSEND = YES;
				ENABLE_TESTABILITY = YES;
				GCC_C_LANGUAGE_STANDARD = gnu11;
				GCC_DYNAMIC_NO_PIC = NO;
				GCC_NO_COMMON_BLOCKS = YES;
				GCC_OPTIMIZATION_LEVEL = 0;
				GCC_PREPROCESSOR_DEFINITIONS = (
					"DEBUG=1",
					"$(inherited)",
				);
				GCC_WARN_64_TO_32_BIT_CONVERSION = YES;
				GCC_WARN_ABOUT_RETURN_TYPE = YES_ERROR;
				GCC_WARN_UNDECLARED_SELECTOR = YES;
				GCC_WARN_UNINITIALIZED_AUTOS = YES_AGGRESSIVE;
				GCC_WARN_UNUSED_FUNCTION = YES;
				GCC_WARN_UNUSED_VARIABLE = YES;
				IPHONEOS_DEPLOYMENT_TARGET = 12.1;
				MTL_ENABLE_DEBUG_INFO = INCLUDE_SOURCE;
				MTL_FAST_MATH = YES;
				ONLY_ACTIVE_ARCH = YES;
				SDKROOT = iphoneos;
				SWIFT_ACTIVE_COMPILATION_CONDITIONS = DEBUG;
				SWIFT_OPTIMIZATION_LEVEL = "-Onone";
			};
			name = Debug;
		};
		A8F1103C223D838B006F0C4A /* Release */ = {
			isa = XCBuildConfiguration;
			buildSettings = {
				ALWAYS_SEARCH_USER_PATHS = NO;
				CLANG_ANALYZER_NONNULL = YES;
				CLANG_ANALYZER_NUMBER_OBJECT_CONVERSION = YES_AGGRESSIVE;
				CLANG_CXX_LANGUAGE_STANDARD = "gnu++14";
				CLANG_CXX_LIBRARY = "libc++";
				CLANG_ENABLE_MODULES = YES;
				CLANG_ENABLE_OBJC_ARC = YES;
				CLANG_ENABLE_OBJC_WEAK = YES;
				CLANG_WARN_BLOCK_CAPTURE_AUTORELEASING = YES;
				CLANG_WARN_BOOL_CONVERSION = YES;
				CLANG_WARN_COMMA = YES;
				CLANG_WARN_CONSTANT_CONVERSION = YES;
				CLANG_WARN_DEPRECATED_OBJC_IMPLEMENTATIONS = YES;
				CLANG_WARN_DIRECT_OBJC_ISA_USAGE = YES_ERROR;
				CLANG_WARN_DOCUMENTATION_COMMENTS = YES;
				CLANG_WARN_EMPTY_BODY = YES;
				CLANG_WARN_ENUM_CONVERSION = YES;
				CLANG_WARN_INFINITE_RECURSION = YES;
				CLANG_WARN_INT_CONVERSION = YES;
				CLANG_WARN_NON_LITERAL_NULL_CONVERSION = YES;
				CLANG_WARN_OBJC_IMPLICIT_RETAIN_SELF = YES;
				CLANG_WARN_OBJC_LITERAL_CONVERSION = YES;
				CLANG_WARN_OBJC_ROOT_CLASS = YES_ERROR;
				CLANG_WARN_RANGE_LOOP_ANALYSIS = YES;
				CLANG_WARN_STRICT_PROTOTYPES = YES;
				CLANG_WARN_SUSPICIOUS_MOVE = YES;
				CLANG_WARN_UNGUARDED_AVAILABILITY = YES_AGGRESSIVE;
				CLANG_WARN_UNREACHABLE_CODE = YES;
				CLANG_WARN__DUPLICATE_METHOD_MATCH = YES;
				CODE_SIGN_IDENTITY = "iPhone Developer";
				COPY_PHASE_STRIP = NO;
				DEBUG_INFORMATION_FORMAT = "dwarf-with-dsym";
				ENABLE_NS_ASSERTIONS = NO;
				ENABLE_STRICT_OBJC_MSGSEND = YES;
				GCC_C_LANGUAGE_STANDARD = gnu11;
				GCC_NO_COMMON_BLOCKS = YES;
				GCC_WARN_64_TO_32_BIT_CONVERSION = YES;
				GCC_WARN_ABOUT_RETURN_TYPE = YES_ERROR;
				GCC_WARN_UNDECLARED_SELECTOR = YES;
				GCC_WARN_UNINITIALIZED_AUTOS = YES_AGGRESSIVE;
				GCC_WARN_UNUSED_FUNCTION = YES;
				GCC_WARN_UNUSED_VARIABLE = YES;
				IPHONEOS_DEPLOYMENT_TARGET = 12.1;
				MTL_ENABLE_DEBUG_INFO = NO;
				MTL_FAST_MATH = YES;
				SDKROOT = iphoneos;
				SWIFT_COMPILATION_MODE = wholemodule;
				SWIFT_OPTIMIZATION_LEVEL = "-O";
				VALIDATE_PRODUCT = YES;
			};
			name = Release;
		};
		A8F1103E223D838B006F0C4A /* Debug */ = {
			isa = XCBuildConfiguration;
			buildSettings = {
				ASSETCATALOG_COMPILER_APPICON_NAME = AppIcon;
				CODE_SIGN_STYLE = Automatic;
				INFOPLIST_FILE = Weather/Info.plist;
				LD_RUNPATH_SEARCH_PATHS = (
					"$(inherited)",
					"@executable_path/Frameworks",
				);
				PRODUCT_BUNDLE_IDENTIFIER = eu.micilab.Weather;
				PRODUCT_NAME = "$(TARGET_NAME)";
				SWIFT_VERSION = 4.2;
				TARGETED_DEVICE_FAMILY = "1,2";
			};
			name = Debug;
		};
		A8F1103F223D838B006F0C4A /* Release */ = {
			isa = XCBuildConfiguration;
			buildSettings = {
				ASSETCATALOG_COMPILER_APPICON_NAME = AppIcon;
				CODE_SIGN_STYLE = Automatic;
				INFOPLIST_FILE = Weather/Info.plist;
				LD_RUNPATH_SEARCH_PATHS = (
					"$(inherited)",
					"@executable_path/Frameworks",
				);
				PRODUCT_BUNDLE_IDENTIFIER = eu.micilab.Weather;
				PRODUCT_NAME = "$(TARGET_NAME)";
				SWIFT_VERSION = 4.2;
				TARGETED_DEVICE_FAMILY = "1,2";
			};
			name = Release;
		};
		A8F11041223D838B006F0C4A /* Debug */ = {
			isa = XCBuildConfiguration;
			buildSettings = {
				ALWAYS_EMBED_SWIFT_STANDARD_LIBRARIES = YES;
				BUNDLE_LOADER = "$(TEST_HOST)";
				CODE_SIGN_STYLE = Automatic;
				INFOPLIST_FILE = WeatherTests/Info.plist;
				LD_RUNPATH_SEARCH_PATHS = (
					"$(inherited)",
					"@executable_path/Frameworks",
					"@loader_path/Frameworks",
				);
				PRODUCT_BUNDLE_IDENTIFIER = eu.micilab.WeatherTests;
				PRODUCT_NAME = "$(TARGET_NAME)";
				SWIFT_VERSION = 4.2;
				TARGETED_DEVICE_FAMILY = "1,2";
				TEST_HOST = "$(BUILT_PRODUCTS_DIR)/Weather.app/Weather";
			};
			name = Debug;
		};
		A8F11042223D838B006F0C4A /* Release */ = {
			isa = XCBuildConfiguration;
			buildSettings = {
				ALWAYS_EMBED_SWIFT_STANDARD_LIBRARIES = YES;
				BUNDLE_LOADER = "$(TEST_HOST)";
				CODE_SIGN_STYLE = Automatic;
				INFOPLIST_FILE = WeatherTests/Info.plist;
				LD_RUNPATH_SEARCH_PATHS = (
					"$(inherited)",
					"@executable_path/Frameworks",
					"@loader_path/Frameworks",
				);
				PRODUCT_BUNDLE_IDENTIFIER = eu.micilab.WeatherTests;
				PRODUCT_NAME = "$(TARGET_NAME)";
				SWIFT_VERSION = 4.2;
				TARGETED_DEVICE_FAMILY = "1,2";
				TEST_HOST = "$(BUILT_PRODUCTS_DIR)/Weather.app/Weather";
			};
			name = Release;
		};
		A8F11044223D838B006F0C4A /* Debug */ = {
			isa = XCBuildConfiguration;
			buildSettings = {
				ALWAYS_EMBED_SWIFT_STANDARD_LIBRARIES = YES;
				CODE_SIGN_STYLE = Automatic;
				INFOPLIST_FILE = WeatherUITests/Info.plist;
				LD_RUNPATH_SEARCH_PATHS = (
					"$(inherited)",
					"@executable_path/Frameworks",
					"@loader_path/Frameworks",
				);
				PRODUCT_BUNDLE_IDENTIFIER = eu.micilab.WeatherUITests;
				PRODUCT_NAME = "$(TARGET_NAME)";
				SWIFT_VERSION = 4.2;
				TARGETED_DEVICE_FAMILY = "1,2";
				TEST_TARGET_NAME = Weather;
			};
			name = Debug;
		};
		A8F11045223D838B006F0C4A /* Release */ = {
			isa = XCBuildConfiguration;
			buildSettings = {
				ALWAYS_EMBED_SWIFT_STANDARD_LIBRARIES = YES;
				CODE_SIGN_STYLE = Automatic;
				INFOPLIST_FILE = WeatherUITests/Info.plist;
				LD_RUNPATH_SEARCH_PATHS = (
					"$(inherited)",
					"@executable_path/Frameworks",
					"@loader_path/Frameworks",
				);
				PRODUCT_BUNDLE_IDENTIFIER = eu.micilab.WeatherUITests;
				PRODUCT_NAME = "$(TARGET_NAME)";
				SWIFT_VERSION = 4.2;
				TARGETED_DEVICE_FAMILY = "1,2";
				TEST_TARGET_NAME = Weather;
			};
			name = Release;
		};
/* End XCBuildConfiguration section */

/* Begin XCConfigurationList section */
		A8F11010223D8387006F0C4A /* Build configuration list for PBXProject "Weather" */ = {
			isa = XCConfigurationList;
			buildConfigurations = (
				A8F1103B223D838B006F0C4A /* Debug */,
				A8F1103C223D838B006F0C4A /* Release */,
			);
			defaultConfigurationIsVisible = 0;
			defaultConfigurationName = Release;
		};
		A8F1103D223D838B006F0C4A /* Build configuration list for PBXNativeTarget "Weather" */ = {
			isa = XCConfigurationList;
			buildConfigurations = (
				A8F1103E223D838B006F0C4A /* Debug */,
				A8F1103F223D838B006F0C4A /* Release */,
			);
			defaultConfigurationIsVisible = 0;
			defaultConfigurationName = Release;
		};
		A8F11040223D838B006F0C4A /* Build configuration list for PBXNativeTarget "WeatherTests" */ = {
			isa = XCConfigurationList;
			buildConfigurations = (
				A8F11041223D838B006F0C4A /* Debug */,
				A8F11042223D838B006F0C4A /* Release */,
			);
			defaultConfigurationIsVisible = 0;
			defaultConfigurationName = Release;
		};
		A8F11043223D838B006F0C4A /* Build configuration list for PBXNativeTarget "WeatherUITests" */ = {
			isa = XCConfigurationList;
			buildConfigurations = (
				A8F11044223D838B006F0C4A /* Debug */,
				A8F11045223D838B006F0C4A /* Release */,
			);
			defaultConfigurationIsVisible = 0;
			defaultConfigurationName = Release;
		};
/* End XCConfigurationList section */
	};
	rootObject = A8F1100D223D8387006F0C4A /* Project object */;
}
